// !$*UTF8*$!
{
	archiveVersion = 1;
	classes = {
	};
	objectVersion = 50;
	objects = {

/* Begin PBXBuildFile section */
		5125FC2826B039E700EC6FE1 /* WeatherViewModel.swift in Sources */ = {isa = PBXBuildFile; fileRef = 5125FC2726B039E700EC6FE1 /* WeatherViewModel.swift */; };
		5125FC2A26B03A7800EC6FE1 /* WeatherCellViewModel.swift in Sources */ = {isa = PBXBuildFile; fileRef = 5125FC2926B03A7800EC6FE1 /* WeatherCellViewModel.swift */; };
		5125FC2D26B0B20200EC6FE1 /* WeatherTableViewCell.swift in Sources */ = {isa = PBXBuildFile; fileRef = 5125FC2C26B0B20200EC6FE1 /* WeatherTableViewCell.swift */; };
		51AFDB7D26874793001E97AC /* AppDelegate.swift in Sources */ = {isa = PBXBuildFile; fileRef = 51AFDB7C26874793001E97AC /* AppDelegate.swift */; };
		51AFDB7F26874793001E97AC /* SceneDelegate.swift in Sources */ = {isa = PBXBuildFile; fileRef = 51AFDB7E26874793001E97AC /* SceneDelegate.swift */; };
		51AFDB8426874793001E97AC /* Main.storyboard in Resources */ = {isa = PBXBuildFile; fileRef = 51AFDB8226874793001E97AC /* Main.storyboard */; };
		51AFDB8726874793001E97AC /* WeatherApp.xcdatamodeld in Sources */ = {isa = PBXBuildFile; fileRef = 51AFDB8526874793001E97AC /* WeatherApp.xcdatamodeld */; };
		51AFDB8926874794001E97AC /* Assets.xcassets in Resources */ = {isa = PBXBuildFile; fileRef = 51AFDB8826874794001E97AC /* Assets.xcassets */; };
		51AFDB8C26874794001E97AC /* LaunchScreen.storyboard in Resources */ = {isa = PBXBuildFile; fileRef = 51AFDB8A26874794001E97AC /* LaunchScreen.storyboard */; };
		51AFDB9426876220001E97AC /* WeatherTableViewController.swift in Sources */ = {isa = PBXBuildFile; fileRef = 51AFDB9326876220001E97AC /* WeatherTableViewController.swift */; };
		51AFDB96268763A5001E97AC /* Weather.swift in Sources */ = {isa = PBXBuildFile; fileRef = 51AFDB95268763A5001E97AC /* Weather.swift */; };
/* End PBXBuildFile section */

/* Begin PBXFileReference section */
		5125FC2726B039E700EC6FE1 /* WeatherViewModel.swift */ = {isa = PBXFileReference; lastKnownFileType = sourcecode.swift; path = WeatherViewModel.swift; sourceTree = "<group>"; };
		5125FC2926B03A7800EC6FE1 /* WeatherCellViewModel.swift */ = {isa = PBXFileReference; lastKnownFileType = sourcecode.swift; path = WeatherCellViewModel.swift; sourceTree = "<group>"; };
		5125FC2C26B0B20200EC6FE1 /* WeatherTableViewCell.swift */ = {isa = PBXFileReference; lastKnownFileType = sourcecode.swift; path = WeatherTableViewCell.swift; sourceTree = "<group>"; };
		51AFDB7926874793001E97AC /* WeatherApp.app */ = {isa = PBXFileReference; explicitFileType = wrapper.application; includeInIndex = 0; path = WeatherApp.app; sourceTree = BUILT_PRODUCTS_DIR; };
		51AFDB7C26874793001E97AC /* AppDelegate.swift */ = {isa = PBXFileReference; lastKnownFileType = sourcecode.swift; path = AppDelegate.swift; sourceTree = "<group>"; };
		51AFDB7E26874793001E97AC /* SceneDelegate.swift */ = {isa = PBXFileReference; lastKnownFileType = sourcecode.swift; path = SceneDelegate.swift; sourceTree = "<group>"; };
		51AFDB8326874793001E97AC /* Base */ = {isa = PBXFileReference; lastKnownFileType = file.storyboard; name = Base; path = Base.lproj/Main.storyboard; sourceTree = "<group>"; };
		51AFDB8626874793001E97AC /* WeatherApp.xcdatamodel */ = {isa = PBXFileReference; lastKnownFileType = wrapper.xcdatamodel; path = WeatherApp.xcdatamodel; sourceTree = "<group>"; };
		51AFDB8826874794001E97AC /* Assets.xcassets */ = {isa = PBXFileReference; lastKnownFileType = folder.assetcatalog; path = Assets.xcassets; sourceTree = "<group>"; };
		51AFDB8B26874794001E97AC /* Base */ = {isa = PBXFileReference; lastKnownFileType = file.storyboard; name = Base; path = Base.lproj/LaunchScreen.storyboard; sourceTree = "<group>"; };
		51AFDB8D26874794001E97AC /* Info.plist */ = {isa = PBXFileReference; lastKnownFileType = text.plist.xml; path = Info.plist; sourceTree = "<group>"; };
		51AFDB9326876220001E97AC /* WeatherTableViewController.swift */ = {isa = PBXFileReference; lastKnownFileType = sourcecode.swift; path = WeatherTableViewController.swift; sourceTree = "<group>"; };
		51AFDB95268763A5001E97AC /* Weather.swift */ = {isa = PBXFileReference; lastKnownFileType = sourcecode.swift; path = Weather.swift; sourceTree = "<group>"; };
/* End PBXFileReference section */

/* Begin PBXFrameworksBuildPhase section */
		51AFDB7626874793001E97AC /* Frameworks */ = {
			isa = PBXFrameworksBuildPhase;
			buildActionMask = 2147483647;
			files = (
			);
			runOnlyForDeploymentPostprocessing = 0;
		};
/* End PBXFrameworksBuildPhase section */

/* Begin PBXGroup section */
		5125FC2326B0339300EC6FE1 /* Model */ = {
			isa = PBXGroup;
			children = (
				51AFDB95268763A5001E97AC /* Weather.swift */,
			);
			path = Model;
			sourceTree = "<group>";
		};
		5125FC2426B0339F00EC6FE1 /* View */ = {
			isa = PBXGroup;
			children = (
				5125FC2B26B0B1CA00EC6FE1 /* Cell */,
				51AFDB9326876220001E97AC /* WeatherTableViewController.swift */,
			);
			path = View;
			sourceTree = "<group>";
		};
		5125FC2526B033AB00EC6FE1 /* ViewModel */ = {
			isa = PBXGroup;
			children = (
				5125FC2726B039E700EC6FE1 /* WeatherViewModel.swift */,
				5125FC2926B03A7800EC6FE1 /* WeatherCellViewModel.swift */,
			);
			path = ViewModel;
			sourceTree = "<group>";
		};
		5125FC2B26B0B1CA00EC6FE1 /* Cell */ = {
			isa = PBXGroup;
			children = (
				5125FC2C26B0B20200EC6FE1 /* WeatherTableViewCell.swift */,
			);
			path = Cell;
			sourceTree = "<group>";
		};
		51AFDB7026874793001E97AC = {
			isa = PBXGroup;
			children = (
				51AFDB7B26874793001E97AC /* WeatherApp */,
				51AFDB7A26874793001E97AC /* Products */,
			);
			sourceTree = "<group>";
		};
		51AFDB7A26874793001E97AC /* Products */ = {
			isa = PBXGroup;
			children = (
				51AFDB7926874793001E97AC /* WeatherApp.app */,
			);
			name = Products;
			sourceTree = "<group>";
		};
		51AFDB7B26874793001E97AC /* WeatherApp */ = {
			isa = PBXGroup;
			children = (
				5125FC2326B0339300EC6FE1 /* Model */,
				5125FC2526B033AB00EC6FE1 /* ViewModel */,
				5125FC2426B0339F00EC6FE1 /* View */,
				51AFDB7C26874793001E97AC /* AppDelegate.swift */,
				51AFDB7E26874793001E97AC /* SceneDelegate.swift */,
				51AFDB8226874793001E97AC /* Main.storyboard */,
				51AFDB8826874794001E97AC /* Assets.xcassets */,
				51AFDB8A26874794001E97AC /* LaunchScreen.storyboard */,
				51AFDB8D26874794001E97AC /* Info.plist */,
				51AFDB8526874793001E97AC /* WeatherApp.xcdatamodeld */,
			);
			path = WeatherApp;
			sourceTree = "<group>";
		};
/* End PBXGroup section */

/* Begin PBXNativeTarget section */
		51AFDB7826874793001E97AC /* WeatherApp */ = {
			isa = PBXNativeTarget;
			buildConfigurationList = 51AFDB9026874794001E97AC /* Build configuration list for PBXNativeTarget "WeatherApp" */;
			buildPhases = (
				51AFDB7526874793001E97AC /* Sources */,
				51AFDB7626874793001E97AC /* Frameworks */,
				51AFDB7726874793001E97AC /* Resources */,
			);
			buildRules = (
			);
			dependencies = (
			);
			name = WeatherApp;
			productName = WeatherApp;
			productReference = 51AFDB7926874793001E97AC /* WeatherApp.app */;
			productType = "com.apple.product-type.application";
		};
/* End PBXNativeTarget section */

/* Begin PBXProject section */
		51AFDB7126874793001E97AC /* Project object */ = {
			isa = PBXProject;
			attributes = {
				LastSwiftUpdateCheck = 1250;
				LastUpgradeCheck = 1250;
				TargetAttributes = {
					51AFDB7826874793001E97AC = {
						CreatedOnToolsVersion = 12.5.1;
					};
				};
			};
			buildConfigurationList = 51AFDB7426874793001E97AC /* Build configuration list for PBXProject "WeatherApp" */;
			compatibilityVersion = "Xcode 9.3";
			developmentRegion = en;
			hasScannedForEncodings = 0;
			knownRegions = (
				en,
				Base,
			);
			mainGroup = 51AFDB7026874793001E97AC;
			productRefGroup = 51AFDB7A26874793001E97AC /* Products */;
			projectDirPath = "";
			projectRoot = "";
			targets = (
				51AFDB7826874793001E97AC /* WeatherApp */,
			);
		};
/* End PBXProject section */

/* Begin PBXResourcesBuildPhase section */
		51AFDB7726874793001E97AC /* Resources */ = {
			isa = PBXResourcesBuildPhase;
			buildActionMask = 2147483647;
			files = (
				51AFDB8C26874794001E97AC /* LaunchScreen.storyboard in Resources */,
				51AFDB8926874794001E97AC /* Assets.xcassets in Resources */,
				51AFDB8426874793001E97AC /* Main.storyboard in Resources */,
			);
			runOnlyForDeploymentPostprocessing = 0;
		};
/* End PBXResourcesBuildPhase section */

/* Begin PBXSourcesBuildPhase section */
		51AFDB7526874793001E97AC /* Sources */ = {
			isa = PBXSourcesBuildPhase;
			buildActionMask = 2147483647;
			files = (
				5125FC2D26B0B20200EC6FE1 /* WeatherTableViewCell.swift in Sources */,
				51AFDB9426876220001E97AC /* WeatherTableViewController.swift in Sources */,
				5125FC2826B039E700EC6FE1 /* WeatherViewModel.swift in Sources */,
				51AFDB8726874793001E97AC /* WeatherApp.xcdatamodeld in Sources */,
				51AFDB7D26874793001E97AC /* AppDelegate.swift in Sources */,
				51AFDB7F26874793001E97AC /* SceneDelegate.swift in Sources */,
				51AFDB96268763A5001E97AC /* Weather.swift in Sources */,
				5125FC2A26B03A7800EC6FE1 /* WeatherCellViewModel.swift in Sources */,
			);
			runOnlyForDeploymentPostprocessing = 0;
		};
/* End PBXSourcesBuildPhase section */

/* Begin PBXVariantGroup section */
		51AFDB8226874793001E97AC /* Main.storyboard */ = {
			isa = PBXVariantGroup;
			children = (
				51AFDB8326874793001E97AC /* Base */,
			);
			name = Main.storyboard;
			sourceTree = "<group>";
		};
		51AFDB8A26874794001E97AC /* LaunchScreen.storyboard */ = {
			isa = PBXVariantGroup;
			children = (
				51AFDB8B26874794001E97AC /* Base */,
			);
			name = LaunchScreen.storyboard;
			sourceTree = "<group>";
		};
/* End PBXVariantGroup section */

/* Begin XCBuildConfiguration section */
		51AFDB8E26874794001E97AC /* Debug */ = {
			isa = XCBuildConfiguration;
			buildSettings = {
				ALWAYS_SEARCH_USER_PATHS = NO;
				CLANG_ANALYZER_NONNULL = YES;
				CLANG_ANALYZER_NUMBER_OBJECT_CONVERSION = YES_AGGRESSIVE;
				CLANG_CXX_LANGUAGE_STANDARD = "gnu++14";
				CLANG_CXX_LIBRARY = "libc++";
				CLANG_ENABLE_MODULES = YES;
				CLANG_ENABLE_OBJC_ARC = YES;
				CLANG_ENABLE_OBJC_WEAK = YES;
				CLANG_WARN_BLOCK_CAPTURE_AUTORELEASING = YES;
				CLANG_WARN_BOOL_CONVERSION = YES;
				CLANG_WARN_COMMA = YES;
				CLANG_WARN_CONSTANT_CONVERSION = YES;
				CLANG_WARN_DEPRECATED_OBJC_IMPLEMENTATIONS = YES;
				CLANG_WARN_DIRECT_OBJC_ISA_USAGE = YES_ERROR;
				CLANG_WARN_DOCUMENTATION_COMMENTS = YES;
				CLANG_WARN_EMPTY_BODY = YES;
				CLANG_WARN_ENUM_CONVERSION = YES;
				CLANG_WARN_INFINITE_RECURSION = YES;
				CLANG_WARN_INT_CONVERSION = YES;
				CLANG_WARN_NON_LITERAL_NULL_CONVERSION = YES;
				CLANG_WARN_OBJC_IMPLICIT_RETAIN_SELF = YES;
				CLANG_WARN_OBJC_LITERAL_CONVERSION = YES;
				CLANG_WARN_OBJC_ROOT_CLASS = YES_ERROR;
				CLANG_WARN_QUOTED_INCLUDE_IN_FRAMEWORK_HEADER = YES;
				CLANG_WARN_RANGE_LOOP_ANALYSIS = YES;
				CLANG_WARN_STRICT_PROTOTYPES = YES;
				CLANG_WARN_SUSPICIOUS_MOVE = YES;
				CLANG_WARN_UNGUARDED_AVAILABILITY = YES_AGGRESSIVE;
				CLANG_WARN_UNREACHABLE_CODE = YES;
				CLANG_WARN__DUPLICATE_METHOD_MATCH = YES;
				COPY_PHASE_STRIP = NO;
				DEBUG_INFORMATION_FORMAT = dwarf;
				ENABLE_STRICT_OBJC_MSGSEND = YES;
				ENABLE_TESTABILITY = YES;
				GCC_C_LANGUAGE_STANDARD = gnu11;
				GCC_DYNAMIC_NO_PIC = NO;
				GCC_NO_COMMON_BLOCKS = YES;
				GCC_OPTIMIZATION_LEVEL = 0;
				GCC_PREPROCESSOR_DEFINITIONS = (
					"DEBUG=1",
					"$(inherited)",
				);
				GCC_WARN_64_TO_32_BIT_CONVERSION = YES;
				GCC_WARN_ABOUT_RETURN_TYPE = YES_ERROR;
				GCC_WARN_UNDECLARED_SELECTOR = YES;
				GCC_WARN_UNINITIALIZED_AUTOS = YES_AGGRESSIVE;
				GCC_WARN_UNUSED_FUNCTION = YES;
				GCC_WARN_UNUSED_VARIABLE = YES;
				IPHONEOS_DEPLOYMENT_TARGET = 14.5;
				MTL_ENABLE_DEBUG_INFO = INCLUDE_SOURCE;
				MTL_FAST_MATH = YES;
				ONLY_ACTIVE_ARCH = YES;
				SDKROOT = iphoneos;
				SWIFT_ACTIVE_COMPILATION_CONDITIONS = DEBUG;
				SWIFT_OPTIMIZATION_LEVEL = "-Onone";
			};
			name = Debug;
		};
		51AFDB8F26874794001E97AC /* Release */ = {
			isa = XCBuildConfiguration;
			buildSettings = {
				ALWAYS_SEARCH_USER_PATHS = NO;
				CLANG_ANALYZER_NONNULL = YES;
				CLANG_ANALYZER_NUMBER_OBJECT_CONVERSION = YES_AGGRESSIVE;
				CLANG_CXX_LANGUAGE_STANDARD = "gnu++14";
				CLANG_CXX_LIBRARY = "libc++";
				CLANG_ENABLE_MODULES = YES;
				CLANG_ENABLE_OBJC_ARC = YES;
				CLANG_ENABLE_OBJC_WEAK = YES;
				CLANG_WARN_BLOCK_CAPTURE_AUTORELEASING = YES;
				CLANG_WARN_BOOL_CONVERSION = YES;
				CLANG_WARN_COMMA = YES;
				CLANG_WARN_CONSTANT_CONVERSION = YES;
				CLANG_WARN_DEPRECATED_OBJC_IMPLEMENTATIONS = YES;
				CLANG_WARN_DIRECT_OBJC_ISA_USAGE = YES_ERROR;
				CLANG_WARN_DOCUMENTATION_COMMENTS = YES;
				CLANG_WARN_EMPTY_BODY = YES;
				CLANG_WARN_ENUM_CONVERSION = YES;
				CLANG_WARN_INFINITE_RECURSION = YES;
				CLANG_WARN_INT_CONVERSION = YES;
				CLANG_WARN_NON_LITERAL_NULL_CONVERSION = YES;
				CLANG_WARN_OBJC_IMPLICIT_RETAIN_SELF = YES;
				CLANG_WARN_OBJC_LITERAL_CONVERSION = YES;
				CLANG_WARN_OBJC_ROOT_CLASS = YES_ERROR;
				CLANG_WARN_QUOTED_INCLUDE_IN_FRAMEWORK_HEADER = YES;
				CLANG_WARN_RANGE_LOOP_ANALYSIS = YES;
				CLANG_WARN_STRICT_PROTOTYPES = YES;
				CLANG_WARN_SUSPICIOUS_MOVE = YES;
				CLANG_WARN_UNGUARDED_AVAILABILITY = YES_AGGRESSIVE;
				CLANG_WARN_UNREACHABLE_CODE = YES;
				CLANG_WARN__DUPLICATE_METHOD_MATCH = YES;
				COPY_PHASE_STRIP = NO;
				DEBUG_INFORMATION_FORMAT = "dwarf-with-dsym";
				ENABLE_NS_ASSERTIONS = NO;
				ENABLE_STRICT_OBJC_MSGSEND = YES;
				GCC_C_LANGUAGE_STANDARD = gnu11;
				GCC_NO_COMMON_BLOCKS = YES;
				GCC_WARN_64_TO_32_BIT_CONVERSION = YES;
				GCC_WARN_ABOUT_RETURN_TYPE = YES_ERROR;
				GCC_WARN_UNDECLARED_SELECTOR = YES;
				GCC_WARN_UNINITIALIZED_AUTOS = YES_AGGRESSIVE;
				GCC_WARN_UNUSED_FUNCTION = YES;
				GCC_WARN_UNUSED_VARIABLE = YES;
				IPHONEOS_DEPLOYMENT_TARGET = 14.5;
				MTL_ENABLE_DEBUG_INFO = NO;
				MTL_FAST_MATH = YES;
				SDKROOT = iphoneos;
				SWIFT_COMPILATION_MODE = wholemodule;
				SWIFT_OPTIMIZATION_LEVEL = "-O";
				VALIDATE_PRODUCT = YES;
			};
			name = Release;
		};
		51AFDB9126874794001E97AC /* Debug */ = {
			isa = XCBuildConfiguration;
			buildSettings = {
				ASSETCATALOG_COMPILER_APPICON_NAME = AppIcon;
				ASSETCATALOG_COMPILER_GLOBAL_ACCENT_COLOR_NAME = AccentColor;
				CODE_SIGN_STYLE = Automatic;
				INFOPLIST_FILE = WeatherApp/Info.plist;
				LD_RUNPATH_SEARCH_PATHS = (
					"$(inherited)",
					"@executable_path/Frameworks",
				);
				PRODUCT_BUNDLE_IDENTIFIER = com.mindtree.WeatherApp;
				PRODUCT_NAME = "$(TARGET_NAME)";
				SWIFT_VERSION = 5.0;
				TARGETED_DEVICE_FAMILY = "1,2";
			};
			name = Debug;
		};
		51AFDB9226874794001E97AC /* Release */ = {
			isa = XCBuildConfiguration;
			buildSettings = {
				ASSETCATALOG_COMPILER_APPICON_NAME = AppIcon;
				ASSETCATALOG_COMPILER_GLOBAL_ACCENT_COLOR_NAME = AccentColor;
				CODE_SIGN_STYLE = Automatic;
				INFOPLIST_FILE = WeatherApp/Info.plist;
				LD_RUNPATH_SEARCH_PATHS = (
					"$(inherited)",
					"@executable_path/Frameworks",
				);
				PRODUCT_BUNDLE_IDENTIFIER = com.mindtree.WeatherApp;
				PRODUCT_NAME = "$(TARGET_NAME)";
				SWIFT_VERSION = 5.0;
				TARGETED_DEVICE_FAMILY = "1,2";
			};
			name = Release;
		};
/* End XCBuildConfiguration section */

/* Begin XCConfigurationList section */
		51AFDB7426874793001E97AC /* Build configuration list for PBXProject "WeatherApp" */ = {
			isa = XCConfigurationList;
			buildConfigurations = (
				51AFDB8E26874794001E97AC /* Debug */,
				51AFDB8F26874794001E97AC /* Release */,
			);
			defaultConfigurationIsVisible = 0;
			defaultConfigurationName = Release;
		};
		51AFDB9026874794001E97AC /* Build configuration list for PBXNativeTarget "WeatherApp" */ = {
			isa = XCConfigurationList;
			buildConfigurations = (
				51AFDB9126874794001E97AC /* Debug */,
				51AFDB9226874794001E97AC /* Release */,
			);
			defaultConfigurationIsVisible = 0;
			defaultConfigurationName = Release;
		};
/* End XCConfigurationList section */

/* Begin XCVersionGroup section */
		51AFDB8526874793001E97AC /* WeatherApp.xcdatamodeld */ = {
			isa = XCVersionGroup;
			children = (
				51AFDB8626874793001E97AC /* WeatherApp.xcdatamodel */,
			);
			currentVersion = 51AFDB8626874793001E97AC /* WeatherApp.xcdatamodel */;
			path = WeatherApp.xcdatamodeld;
			sourceTree = "<group>";
			versionGroupType = wrapper.xcdatamodel;
		};
/* End XCVersionGroup section */
	};
	rootObject = 51AFDB7126874793001E97AC /* Project object */;
}
